// !$*UTF8*$!
{
	archiveVersion = 1;
	classes = {
	};
	objectVersion = 46;
	objects = {

/* Begin PBXBuildFile section */
		1B14057F1D9C5E0D005852DA /* MovieTrailerViewController.swift in Sources */ = {isa = PBXBuildFile; fileRef = 1B14057E1D9C5E0D005852DA /* MovieTrailerViewController.swift */; };
		1B17BF861D9C1C40000E9698 /* UpcomingMovies.swift in Sources */ = {isa = PBXBuildFile; fileRef = 1B17BF851D9C1C40000E9698 /* UpcomingMovies.swift */; };
		1B3249B81D87A2C0006F0CF5 /* FavoritesTableViewController.swift in Sources */ = {isa = PBXBuildFile; fileRef = 1B3249B71D87A2C0006F0CF5 /* FavoritesTableViewController.swift */; };
		1B3249BC1D87B5A9006F0CF5 /* FavoritesMovieTableViewCell.swift in Sources */ = {isa = PBXBuildFile; fileRef = 1B3249BB1D87B5A9006F0CF5 /* FavoritesMovieTableViewCell.swift */; };
		1B3249C11D884EBB006F0CF5 /* movieDataModel.xcdatamodeld in Sources */ = {isa = PBXBuildFile; fileRef = 1B3249BF1D884EBB006F0CF5 /* movieDataModel.xcdatamodeld */; };
		1B3249C51D885F4D006F0CF5 /* Favorites+CoreDataProperties.swift in Sources */ = {isa = PBXBuildFile; fileRef = 1B3249C21D885F4D006F0CF5 /* Favorites+CoreDataProperties.swift */; };
		1B3249C61D885F4D006F0CF5 /* Favorites.swift in Sources */ = {isa = PBXBuildFile; fileRef = 1B3249C31D885F4D006F0CF5 /* Favorites.swift */; };
		1B3249C71D885F4D006F0CF5 /* Movie+CoreDataProperties.swift in Sources */ = {isa = PBXBuildFile; fileRef = 1B3249C41D885F4D006F0CF5 /* Movie+CoreDataProperties.swift */; };
		1B3249C91D886017006F0CF5 /* Movie.swift in Sources */ = {isa = PBXBuildFile; fileRef = 1B3249C81D886017006F0CF5 /* Movie.swift */; };
		1B3C84F21D7F76140029D7DA /* SearchedMovieViewController.swift in Sources */ = {isa = PBXBuildFile; fileRef = 1B3C84F11D7F76140029D7DA /* SearchedMovieViewController.swift */; };
		1B8AA3661D7F9C8300C77D60 /* SearchedMovieCollectionViewCell.swift in Sources */ = {isa = PBXBuildFile; fileRef = 1B8AA3651D7F9C8300C77D60 /* SearchedMovieCollectionViewCell.swift */; };
		1B9C1E351DA36D4E004F442E /* SearchedTrailerViewController.swift in Sources */ = {isa = PBXBuildFile; fileRef = 1B9C1E341DA36D4E004F442E /* SearchedTrailerViewController.swift */; };
		1BAD089F1D8CE5860088A4C0 /* UpcomingMovieViewController.swift in Sources */ = {isa = PBXBuildFile; fileRef = 1BAD089E1D8CE5860088A4C0 /* UpcomingMovieViewController.swift */; };
		1BAD08A31D8CE8D50088A4C0 /* UpcomingMoviesCollectionViewCell.swift in Sources */ = {isa = PBXBuildFile; fileRef = 1BAD08A21D8CE8D50088A4C0 /* UpcomingMoviesCollectionViewCell.swift */; };
		1BE559C31D81FB26004CDF5E /* MovieDataStore.swift in Sources */ = {isa = PBXBuildFile; fileRef = 1BE559C21D81FB26004CDF5E /* MovieDataStore.swift */; };
		1BE963B71D79DD990060A5C0 /* AppDelegate.swift in Sources */ = {isa = PBXBuildFile; fileRef = 1BE963B61D79DD990060A5C0 /* AppDelegate.swift */; };
		1BE963BC1D79DD990060A5C0 /* Main.storyboard in Resources */ = {isa = PBXBuildFile; fileRef = 1BE963BA1D79DD990060A5C0 /* Main.storyboard */; };
		1BE963BE1D79DD990060A5C0 /* Assets.xcassets in Resources */ = {isa = PBXBuildFile; fileRef = 1BE963BD1D79DD990060A5C0 /* Assets.xcassets */; };
		1BE963C11D79DD990060A5C0 /* LaunchScreen.storyboard in Resources */ = {isa = PBXBuildFile; fileRef = 1BE963BF1D79DD990060A5C0 /* LaunchScreen.storyboard */; };
		1BE963C91D79E0130060A5C0 /* OMDbAPIClient.swift in Sources */ = {isa = PBXBuildFile; fileRef = 1BE963C81D79E0130060A5C0 /* OMDbAPIClient.swift */; };
		1BEEF6D61D931D28004552A6 /* LaunchandLogo.png in Resources */ = {isa = PBXBuildFile; fileRef = 1BEEF6D51D931D28004552A6 /* LaunchandLogo.png */; };
		1BEEF6DA1D938350004552A6 /* InternetcheckMark.png in Resources */ = {isa = PBXBuildFile; fileRef = 1BEEF6D91D938350004552A6 /* InternetcheckMark.png */; };
		1BEEF6DC1D941B90004552A6 /* internetRedMark.png in Resources */ = {isa = PBXBuildFile; fileRef = 1BEEF6DB1D941B90004552A6 /* internetRedMark.png */; };
		1BF3CE771D91CCDD0013C957 /* Reachability.m in Sources */ = {isa = PBXBuildFile; fileRef = 1BF3CE761D91CCDD0013C957 /* Reachability.m */; };
		1BF9B68D1D808F1A00366B04 /* MovieDetailsViewController.swift in Sources */ = {isa = PBXBuildFile; fileRef = 1BF9B68C1D808F1A00366B04 /* MovieDetailsViewController.swift */; };
		1BF9B6931D80FE1900366B04 /* FullPlotViewController.swift in Sources */ = {isa = PBXBuildFile; fileRef = 1BF9B6921D80FE1900366B04 /* FullPlotViewController.swift */; };
		261CFFC1B5FC11C64F84FBAB /* Pods_OMDbMovieProject.framework in Frameworks */ = {isa = PBXBuildFile; fileRef = BB2C1BF043D0C81B275DB188 /* Pods_OMDbMovieProject.framework */; };
/* End PBXBuildFile section */

/* Begin PBXFileReference section */
		1B14057E1D9C5E0D005852DA /* MovieTrailerViewController.swift */ = {isa = PBXFileReference; fileEncoding = 4; lastKnownFileType = sourcecode.swift; path = MovieTrailerViewController.swift; sourceTree = "<group>"; };
		1B17BF851D9C1C40000E9698 /* UpcomingMovies.swift */ = {isa = PBXFileReference; fileEncoding = 4; lastKnownFileType = sourcecode.swift; path = UpcomingMovies.swift; sourceTree = "<group>"; };
		1B3249B71D87A2C0006F0CF5 /* FavoritesTableViewController.swift */ = {isa = PBXFileReference; fileEncoding = 4; lastKnownFileType = sourcecode.swift; path = FavoritesTableViewController.swift; sourceTree = "<group>"; };
		1B3249BB1D87B5A9006F0CF5 /* FavoritesMovieTableViewCell.swift */ = {isa = PBXFileReference; fileEncoding = 4; lastKnownFileType = sourcecode.swift; path = FavoritesMovieTableViewCell.swift; sourceTree = "<group>"; };
		1B3249C01D884EBB006F0CF5 /* movieDataModel.xcdatamodel */ = {isa = PBXFileReference; lastKnownFileType = wrapper.xcdatamodel; path = movieDataModel.xcdatamodel; sourceTree = "<group>"; };
		1B3249C21D885F4D006F0CF5 /* Favorites+CoreDataProperties.swift */ = {isa = PBXFileReference; fileEncoding = 4; lastKnownFileType = sourcecode.swift; path = "Favorites+CoreDataProperties.swift"; sourceTree = "<group>"; };
		1B3249C31D885F4D006F0CF5 /* Favorites.swift */ = {isa = PBXFileReference; fileEncoding = 4; lastKnownFileType = sourcecode.swift; path = Favorites.swift; sourceTree = "<group>"; };
		1B3249C41D885F4D006F0CF5 /* Movie+CoreDataProperties.swift */ = {isa = PBXFileReference; fileEncoding = 4; lastKnownFileType = sourcecode.swift; path = "Movie+CoreDataProperties.swift"; sourceTree = "<group>"; };
		1B3249C81D886017006F0CF5 /* Movie.swift */ = {isa = PBXFileReference; fileEncoding = 4; lastKnownFileType = sourcecode.swift; path = Movie.swift; sourceTree = "<group>"; };
		1B3C84F11D7F76140029D7DA /* SearchedMovieViewController.swift */ = {isa = PBXFileReference; fileEncoding = 4; lastKnownFileType = sourcecode.swift; path = SearchedMovieViewController.swift; sourceTree = "<group>"; };
		1B8AA3651D7F9C8300C77D60 /* SearchedMovieCollectionViewCell.swift */ = {isa = PBXFileReference; fileEncoding = 4; lastKnownFileType = sourcecode.swift; path = SearchedMovieCollectionViewCell.swift; sourceTree = "<group>"; };
		1B9C1E341DA36D4E004F442E /* SearchedTrailerViewController.swift */ = {isa = PBXFileReference; fileEncoding = 4; lastKnownFileType = sourcecode.swift; path = SearchedTrailerViewController.swift; sourceTree = "<group>"; };
		1BAD089E1D8CE5860088A4C0 /* UpcomingMovieViewController.swift */ = {isa = PBXFileReference; fileEncoding = 4; lastKnownFileType = sourcecode.swift; path = UpcomingMovieViewController.swift; sourceTree = "<group>"; };
		1BAD08A21D8CE8D50088A4C0 /* UpcomingMoviesCollectionViewCell.swift */ = {isa = PBXFileReference; fileEncoding = 4; lastKnownFileType = sourcecode.swift; path = UpcomingMoviesCollectionViewCell.swift; sourceTree = "<group>"; };
		1BE559C21D81FB26004CDF5E /* MovieDataStore.swift */ = {isa = PBXFileReference; fileEncoding = 4; lastKnownFileType = sourcecode.swift; path = MovieDataStore.swift; sourceTree = "<group>"; };
		1BE963B31D79DD990060A5C0 /* Movie Hub.app */ = {isa = PBXFileReference; explicitFileType = wrapper.application; includeInIndex = 0; path = "Movie Hub.app"; sourceTree = BUILT_PRODUCTS_DIR; };
		1BE963B61D79DD990060A5C0 /* AppDelegate.swift */ = {isa = PBXFileReference; lastKnownFileType = sourcecode.swift; path = AppDelegate.swift; sourceTree = "<group>"; };
		1BE963BB1D79DD990060A5C0 /* Base */ = {isa = PBXFileReference; lastKnownFileType = file.storyboard; name = Base; path = Base.lproj/Main.storyboard; sourceTree = "<group>"; };
		1BE963BD1D79DD990060A5C0 /* Assets.xcassets */ = {isa = PBXFileReference; lastKnownFileType = folder.assetcatalog; path = Assets.xcassets; sourceTree = "<group>"; };
		1BE963C01D79DD990060A5C0 /* Base */ = {isa = PBXFileReference; lastKnownFileType = file.storyboard; name = Base; path = Base.lproj/LaunchScreen.storyboard; sourceTree = "<group>"; };
		1BE963C21D79DD990060A5C0 /* Info.plist */ = {isa = PBXFileReference; lastKnownFileType = text.plist.xml; path = Info.plist; sourceTree = "<group>"; };
		1BE963C81D79E0130060A5C0 /* OMDbAPIClient.swift */ = {isa = PBXFileReference; fileEncoding = 4; lastKnownFileType = sourcecode.swift; path = OMDbAPIClient.swift; sourceTree = "<group>"; };
		1BEEF6D51D931D28004552A6 /* LaunchandLogo.png */ = {isa = PBXFileReference; lastKnownFileType = image.png; path = LaunchandLogo.png; sourceTree = "<group>"; };
		1BEEF6D91D938350004552A6 /* InternetcheckMark.png */ = {isa = PBXFileReference; lastKnownFileType = image.png; path = InternetcheckMark.png; sourceTree = "<group>"; };
		1BEEF6DB1D941B90004552A6 /* internetRedMark.png */ = {isa = PBXFileReference; lastKnownFileType = image.png; path = internetRedMark.png; sourceTree = "<group>"; };
		1BF3CE741D91CCDC0013C957 /* OMDbMovieProject-Bridging-Header.h */ = {isa = PBXFileReference; lastKnownFileType = sourcecode.c.h; path = "OMDbMovieProject-Bridging-Header.h"; sourceTree = "<group>"; };
		1BF3CE751D91CCDD0013C957 /* Reachability.h */ = {isa = PBXFileReference; fileEncoding = 4; lastKnownFileType = sourcecode.c.h; path = Reachability.h; sourceTree = "<group>"; };
		1BF3CE761D91CCDD0013C957 /* Reachability.m */ = {isa = PBXFileReference; fileEncoding = 4; lastKnownFileType = sourcecode.c.objc; path = Reachability.m; sourceTree = "<group>"; };
		1BF9B68C1D808F1A00366B04 /* MovieDetailsViewController.swift */ = {isa = PBXFileReference; fileEncoding = 4; lastKnownFileType = sourcecode.swift; path = MovieDetailsViewController.swift; sourceTree = "<group>"; };
		1BF9B6921D80FE1900366B04 /* FullPlotViewController.swift */ = {isa = PBXFileReference; fileEncoding = 4; lastKnownFileType = sourcecode.swift; path = FullPlotViewController.swift; sourceTree = "<group>"; };
		390462BEFE9414C2FE818C1B /* Pods-OMDbMovieProject.debug.xcconfig */ = {isa = PBXFileReference; includeInIndex = 1; lastKnownFileType = text.xcconfig; name = "Pods-OMDbMovieProject.debug.xcconfig"; path = "Pods/Target Support Files/Pods-OMDbMovieProject/Pods-OMDbMovieProject.debug.xcconfig"; sourceTree = "<group>"; };
		6AD82D95927AC4147B3B5BFF /* Pods-OMDbMovieProject.release.xcconfig */ = {isa = PBXFileReference; includeInIndex = 1; lastKnownFileType = text.xcconfig; name = "Pods-OMDbMovieProject.release.xcconfig"; path = "Pods/Target Support Files/Pods-OMDbMovieProject/Pods-OMDbMovieProject.release.xcconfig"; sourceTree = "<group>"; };
		BB2C1BF043D0C81B275DB188 /* Pods_OMDbMovieProject.framework */ = {isa = PBXFileReference; explicitFileType = wrapper.framework; includeInIndex = 0; path = Pods_OMDbMovieProject.framework; sourceTree = BUILT_PRODUCTS_DIR; };
/* End PBXFileReference section */

/* Begin PBXFrameworksBuildPhase section */
		1BE963B01D79DD990060A5C0 /* Frameworks */ = {
			isa = PBXFrameworksBuildPhase;
			buildActionMask = 2147483647;
			files = (
				261CFFC1B5FC11C64F84FBAB /* Pods_OMDbMovieProject.framework in Frameworks */,
			);
			runOnlyForDeploymentPostprocessing = 0;
		};
/* End PBXFrameworksBuildPhase section */

/* Begin PBXGroup section */
		1BE963AA1D79DD990060A5C0 = {
			isa = PBXGroup;
			children = (
				1BE963B51D79DD990060A5C0 /* OMDbMovieProject */,
				1BE963B41D79DD990060A5C0 /* Products */,
				4D3375DADA6C93ECA2AFE4AB /* Pods */,
				89F1DC48832B64429C94ECF5 /* Frameworks */,
			);
			sourceTree = "<group>";
		};
		1BE963B41D79DD990060A5C0 /* Products */ = {
			isa = PBXGroup;
			children = (
				1BE963B31D79DD990060A5C0 /* Movie Hub.app */,
			);
			name = Products;
			sourceTree = "<group>";
		};
		1BE963B51D79DD990060A5C0 /* OMDbMovieProject */ = {
			isa = PBXGroup;
			children = (
				1B3249BF1D884EBB006F0CF5 /* movieDataModel.xcdatamodeld */,
				1B3249C81D886017006F0CF5 /* Movie.swift */,
				1B3249C21D885F4D006F0CF5 /* Favorites+CoreDataProperties.swift */,
				1B3249C31D885F4D006F0CF5 /* Favorites.swift */,
				1B3249C41D885F4D006F0CF5 /* Movie+CoreDataProperties.swift */,
				1BE963B61D79DD990060A5C0 /* AppDelegate.swift */,
				1BE559C21D81FB26004CDF5E /* MovieDataStore.swift */,
				1BE963C81D79E0130060A5C0 /* OMDbAPIClient.swift */,
				1B17BF851D9C1C40000E9698 /* UpcomingMovies.swift */,
				1B8AA3651D7F9C8300C77D60 /* SearchedMovieCollectionViewCell.swift */,
				1B3C84F11D7F76140029D7DA /* SearchedMovieViewController.swift */,
				1BF9B68C1D808F1A00366B04 /* MovieDetailsViewController.swift */,
				1B3249BB1D87B5A9006F0CF5 /* FavoritesMovieTableViewCell.swift */,
				1B3249B71D87A2C0006F0CF5 /* FavoritesTableViewController.swift */,
				1BF9B6921D80FE1900366B04 /* FullPlotViewController.swift */,
				1BAD08A21D8CE8D50088A4C0 /* UpcomingMoviesCollectionViewCell.swift */,
				1BAD089E1D8CE5860088A4C0 /* UpcomingMovieViewController.swift */,
				1B14057E1D9C5E0D005852DA /* MovieTrailerViewController.swift */,
				1BE963BA1D79DD990060A5C0 /* Main.storyboard */,
				1B9C1E341DA36D4E004F442E /* SearchedTrailerViewController.swift */,
				1BF3CE751D91CCDD0013C957 /* Reachability.h */,
				1BF3CE761D91CCDD0013C957 /* Reachability.m */,
				1BF3CE741D91CCDC0013C957 /* OMDbMovieProject-Bridging-Header.h */,
				1BEEF6D91D938350004552A6 /* InternetcheckMark.png */,
				1BEEF6DB1D941B90004552A6 /* internetRedMark.png */,
				1BEEF6D51D931D28004552A6 /* LaunchandLogo.png */,
				1BE963BD1D79DD990060A5C0 /* Assets.xcassets */,
				1BE963BF1D79DD990060A5C0 /* LaunchScreen.storyboard */,
				1BE963C21D79DD990060A5C0 /* Info.plist */,
			);
			path = OMDbMovieProject;
			sourceTree = "<group>";
		};
		4D3375DADA6C93ECA2AFE4AB /* Pods */ = {
			isa = PBXGroup;
			children = (
				390462BEFE9414C2FE818C1B /* Pods-OMDbMovieProject.debug.xcconfig */,
				6AD82D95927AC4147B3B5BFF /* Pods-OMDbMovieProject.release.xcconfig */,
			);
			name = Pods;
			sourceTree = "<group>";
		};
		89F1DC48832B64429C94ECF5 /* Frameworks */ = {
			isa = PBXGroup;
			children = (
				BB2C1BF043D0C81B275DB188 /* Pods_OMDbMovieProject.framework */,
			);
			name = Frameworks;
			sourceTree = "<group>";
		};
/* End PBXGroup section */

/* Begin PBXNativeTarget section */
		1BE963B21D79DD990060A5C0 /* OMDbMovieProject */ = {
			isa = PBXNativeTarget;
			buildConfigurationList = 1BE963C51D79DD990060A5C0 /* Build configuration list for PBXNativeTarget "OMDbMovieProject" */;
			buildPhases = (
				DD0B4D7FEF4021F3D299C348 /* [CP] Check Pods Manifest.lock */,
				1BE963AF1D79DD990060A5C0 /* Sources */,
				1BE963B01D79DD990060A5C0 /* Frameworks */,
				1BE963B11D79DD990060A5C0 /* Resources */,
				AA8CBD9E7ED57A625BAA094C /* [CP] Embed Pods Frameworks */,
				897BEDBDEB65754E156B13BC /* [CP] Copy Pods Resources */,
			);
			buildRules = (
			);
			dependencies = (
			);
			name = OMDbMovieProject;
			productName = OMDbMovieProject;
			productReference = 1BE963B31D79DD990060A5C0 /* Movie Hub.app */;
			productType = "com.apple.product-type.application";
		};
/* End PBXNativeTarget section */

/* Begin PBXProject section */
		1BE963AB1D79DD990060A5C0 /* Project object */ = {
			isa = PBXProject;
			attributes = {
				LastSwiftUpdateCheck = 0730;
				LastUpgradeCheck = 0800;
				ORGANIZATIONNAME = "Flatiron School";
				TargetAttributes = {
					1BE963B21D79DD990060A5C0 = {
						CreatedOnToolsVersion = 7.3.1;
						DevelopmentTeam = KZ34P34W9B;
						LastSwiftMigration = 0800;
					};
				};
			};
			buildConfigurationList = 1BE963AE1D79DD990060A5C0 /* Build configuration list for PBXProject "OMDbMovieProject" */;
			compatibilityVersion = "Xcode 3.2";
			developmentRegion = English;
			hasScannedForEncodings = 0;
			knownRegions = (
				en,
				Base,
			);
			mainGroup = 1BE963AA1D79DD990060A5C0;
			productRefGroup = 1BE963B41D79DD990060A5C0 /* Products */;
			projectDirPath = "";
			projectRoot = "";
			targets = (
				1BE963B21D79DD990060A5C0 /* OMDbMovieProject */,
			);
		};
/* End PBXProject section */

/* Begin PBXResourcesBuildPhase section */
		1BE963B11D79DD990060A5C0 /* Resources */ = {
			isa = PBXResourcesBuildPhase;
			buildActionMask = 2147483647;
			files = (
				1BE963C11D79DD990060A5C0 /* LaunchScreen.storyboard in Resources */,
				1BEEF6DC1D941B90004552A6 /* internetRedMark.png in Resources */,
				1BE963BE1D79DD990060A5C0 /* Assets.xcassets in Resources */,
				1BE963BC1D79DD990060A5C0 /* Main.storyboard in Resources */,
				1BEEF6DA1D938350004552A6 /* InternetcheckMark.png in Resources */,
				1BEEF6D61D931D28004552A6 /* LaunchandLogo.png in Resources */,
			);
			runOnlyForDeploymentPostprocessing = 0;
		};
/* End PBXResourcesBuildPhase section */

/* Begin PBXShellScriptBuildPhase section */
		897BEDBDEB65754E156B13BC /* [CP] Copy Pods Resources */ = {
			isa = PBXShellScriptBuildPhase;
			buildActionMask = 2147483647;
			files = (
			);
			inputPaths = (
			);
			name = "[CP] Copy Pods Resources";
			outputPaths = (
			);
			runOnlyForDeploymentPostprocessing = 0;
			shellPath = /bin/sh;
			shellScript = "\"${SRCROOT}/Pods/Target Support Files/Pods-OMDbMovieProject/Pods-OMDbMovieProject-resources.sh\"\n";
			showEnvVarsInLog = 0;
		};
		AA8CBD9E7ED57A625BAA094C /* [CP] Embed Pods Frameworks */ = {
			isa = PBXShellScriptBuildPhase;
			buildActionMask = 2147483647;
			files = (
			);
			inputPaths = (
			);
			name = "[CP] Embed Pods Frameworks";
			outputPaths = (
			);
			runOnlyForDeploymentPostprocessing = 0;
			shellPath = /bin/sh;
			shellScript = "\"${SRCROOT}/Pods/Target Support Files/Pods-OMDbMovieProject/Pods-OMDbMovieProject-frameworks.sh\"\n";
			showEnvVarsInLog = 0;
		};
		DD0B4D7FEF4021F3D299C348 /* [CP] Check Pods Manifest.lock */ = {
			isa = PBXShellScriptBuildPhase;
			buildActionMask = 2147483647;
			files = (
			);
			inputPaths = (
			);
			name = "[CP] Check Pods Manifest.lock";
			outputPaths = (
			);
			runOnlyForDeploymentPostprocessing = 0;
			shellPath = /bin/sh;
			shellScript = "diff \"${PODS_ROOT}/../Podfile.lock\" \"${PODS_ROOT}/Manifest.lock\" > /dev/null\nif [[ $? != 0 ]] ; then\n    cat << EOM\nerror: The sandbox is not in sync with the Podfile.lock. Run 'pod install' or update your CocoaPods installation.\nEOM\n    exit 1\nfi\n";
			showEnvVarsInLog = 0;
		};
/* End PBXShellScriptBuildPhase section */

/* Begin PBXSourcesBuildPhase section */
		1BE963AF1D79DD990060A5C0 /* Sources */ = {
			isa = PBXSourcesBuildPhase;
			buildActionMask = 2147483647;
			files = (
				1B3249C91D886017006F0CF5 /* Movie.swift in Sources */,
				1BF9B6931D80FE1900366B04 /* FullPlotViewController.swift in Sources */,
				1BE963B71D79DD990060A5C0 /* AppDelegate.swift in Sources */,
				1B3249B81D87A2C0006F0CF5 /* FavoritesTableViewController.swift in Sources */,
				1B3249BC1D87B5A9006F0CF5 /* FavoritesMovieTableViewCell.swift in Sources */,
				1BF9B68D1D808F1A00366B04 /* MovieDetailsViewController.swift in Sources */,
				1B14057F1D9C5E0D005852DA /* MovieTrailerViewController.swift in Sources */,
				1BE963C91D79E0130060A5C0 /* OMDbAPIClient.swift in Sources */,
				1B3249C51D885F4D006F0CF5 /* Favorites+CoreDataProperties.swift in Sources */,
				1B8AA3661D7F9C8300C77D60 /* SearchedMovieCollectionViewCell.swift in Sources */,
				1BAD08A31D8CE8D50088A4C0 /* UpcomingMoviesCollectionViewCell.swift in Sources */,
				1B9C1E351DA36D4E004F442E /* SearchedTrailerViewController.swift in Sources */,
				1B3249C11D884EBB006F0CF5 /* movieDataModel.xcdatamodeld in Sources */,
				1BE559C31D81FB26004CDF5E /* MovieDataStore.swift in Sources */,
				1BAD089F1D8CE5860088A4C0 /* UpcomingMovieViewController.swift in Sources */,
				1B3C84F21D7F76140029D7DA /* SearchedMovieViewController.swift in Sources */,
				1B3249C71D885F4D006F0CF5 /* Movie+CoreDataProperties.swift in Sources */,
				1BF3CE771D91CCDD0013C957 /* Reachability.m in Sources */,
				1B17BF861D9C1C40000E9698 /* UpcomingMovies.swift in Sources */,
				1B3249C61D885F4D006F0CF5 /* Favorites.swift in Sources */,
			);
			runOnlyForDeploymentPostprocessing = 0;
		};
/* End PBXSourcesBuildPhase section */

/* Begin PBXVariantGroup section */
		1BE963BA1D79DD990060A5C0 /* Main.storyboard */ = {
			isa = PBXVariantGroup;
			children = (
				1BE963BB1D79DD990060A5C0 /* Base */,
			);
			name = Main.storyboard;
			sourceTree = "<group>";
		};
		1BE963BF1D79DD990060A5C0 /* LaunchScreen.storyboard */ = {
			isa = PBXVariantGroup;
			children = (
				1BE963C01D79DD990060A5C0 /* Base */,
			);
			name = LaunchScreen.storyboard;
			sourceTree = "<group>";
		};
/* End PBXVariantGroup section */

/* Begin XCBuildConfiguration section */
		1BE963C31D79DD990060A5C0 /* Debug */ = {
			isa = XCBuildConfiguration;
			buildSettings = {
				ALWAYS_SEARCH_USER_PATHS = NO;
				CLANG_ANALYZER_NONNULL = YES;
				CLANG_CXX_LANGUAGE_STANDARD = "gnu++0x";
				CLANG_CXX_LIBRARY = "libc++";
				CLANG_ENABLE_MODULES = YES;
				CLANG_ENABLE_OBJC_ARC = YES;
				CLANG_WARN_BOOL_CONVERSION = YES;
				CLANG_WARN_CONSTANT_CONVERSION = YES;
				CLANG_WARN_DIRECT_OBJC_ISA_USAGE = YES_ERROR;
				CLANG_WARN_EMPTY_BODY = YES;
				CLANG_WARN_ENUM_CONVERSION = YES;
				CLANG_WARN_INFINITE_RECURSION = YES;
				CLANG_WARN_INT_CONVERSION = YES;
				CLANG_WARN_OBJC_ROOT_CLASS = YES_ERROR;
				CLANG_WARN_SUSPICIOUS_MOVE = YES;
				CLANG_WARN_UNREACHABLE_CODE = YES;
				CLANG_WARN__DUPLICATE_METHOD_MATCH = YES;
				"CODE_SIGN_IDENTITY[sdk=iphoneos*]" = "iPhone Developer";
				COPY_PHASE_STRIP = NO;
				DEBUG_INFORMATION_FORMAT = dwarf;
				ENABLE_STRICT_OBJC_MSGSEND = YES;
				ENABLE_TESTABILITY = YES;
				GCC_C_LANGUAGE_STANDARD = gnu99;
				GCC_DYNAMIC_NO_PIC = NO;
				GCC_NO_COMMON_BLOCKS = YES;
				GCC_OPTIMIZATION_LEVEL = 0;
				GCC_PREPROCESSOR_DEFINITIONS = (
					"DEBUG=1",
					"$(inherited)",
				);
				GCC_WARN_64_TO_32_BIT_CONVERSION = YES;
				GCC_WARN_ABOUT_RETURN_TYPE = YES_ERROR;
				GCC_WARN_UNDECLARED_SELECTOR = YES;
				GCC_WARN_UNINITIALIZED_AUTOS = YES_AGGRESSIVE;
				GCC_WARN_UNUSED_FUNCTION = YES;
				GCC_WARN_UNUSED_VARIABLE = YES;
				IPHONEOS_DEPLOYMENT_TARGET = 9.3;
				MTL_ENABLE_DEBUG_INFO = YES;
				ONLY_ACTIVE_ARCH = YES;
				SDKROOT = iphoneos;
				SWIFT_OPTIMIZATION_LEVEL = "-Onone";
				TARGETED_DEVICE_FAMILY = "1,2";
			};
			name = Debug;
		};
		1BE963C41D79DD990060A5C0 /* Release */ = {
			isa = XCBuildConfiguration;
			buildSettings = {
				ALWAYS_SEARCH_USER_PATHS = NO;
				CLANG_ANALYZER_NONNULL = YES;
				CLANG_CXX_LANGUAGE_STANDARD = "gnu++0x";
				CLANG_CXX_LIBRARY = "libc++";
				CLANG_ENABLE_MODULES = YES;
				CLANG_ENABLE_OBJC_ARC = YES;
				CLANG_WARN_BOOL_CONVERSION = YES;
				CLANG_WARN_CONSTANT_CONVERSION = YES;
				CLANG_WARN_DIRECT_OBJC_ISA_USAGE = YES_ERROR;
				CLANG_WARN_EMPTY_BODY = YES;
				CLANG_WARN_ENUM_CONVERSION = YES;
				CLANG_WARN_INFINITE_RECURSION = YES;
				CLANG_WARN_INT_CONVERSION = YES;
				CLANG_WARN_OBJC_ROOT_CLASS = YES_ERROR;
				CLANG_WARN_SUSPICIOUS_MOVE = YES;
				CLANG_WARN_UNREACHABLE_CODE = YES;
				CLANG_WARN__DUPLICATE_METHOD_MATCH = YES;
				"CODE_SIGN_IDENTITY[sdk=iphoneos*]" = "iPhone Developer";
				COPY_PHASE_STRIP = NO;
				DEBUG_INFORMATION_FORMAT = "dwarf-with-dsym";
				ENABLE_NS_ASSERTIONS = NO;
				ENABLE_STRICT_OBJC_MSGSEND = YES;
				GCC_C_LANGUAGE_STANDARD = gnu99;
				GCC_NO_COMMON_BLOCKS = YES;
				GCC_WARN_64_TO_32_BIT_CONVERSION = YES;
				GCC_WARN_ABOUT_RETURN_TYPE = YES_ERROR;
				GCC_WARN_UNDECLARED_SELECTOR = YES;
				GCC_WARN_UNINITIALIZED_AUTOS = YES_AGGRESSIVE;
				GCC_WARN_UNUSED_FUNCTION = YES;
				GCC_WARN_UNUSED_VARIABLE = YES;
				IPHONEOS_DEPLOYMENT_TARGET = 9.3;
				MTL_ENABLE_DEBUG_INFO = NO;
				SDKROOT = iphoneos;
				SWIFT_OPTIMIZATION_LEVEL = "-Owholemodule";
				TARGETED_DEVICE_FAMILY = "1,2";
				VALIDATE_PRODUCT = YES;
			};
			name = Release;
		};
		1BE963C61D79DD990060A5C0 /* Debug */ = {
			isa = XCBuildConfiguration;
			baseConfigurationReference = 390462BEFE9414C2FE818C1B /* Pods-OMDbMovieProject.debug.xcconfig */;
			buildSettings = {
				ASSETCATALOG_COMPILER_APPICON_NAME = AppIcon;
				CLANG_ENABLE_MODULES = YES;
				CODE_SIGN_IDENTITY = "iPhone Developer";
				"CODE_SIGN_IDENTITY[sdk=iphoneos*]" = "iPhone Developer";
				INFOPLIST_FILE = OMDbMovieProject/Info.plist;
				LD_RUNPATH_SEARCH_PATHS = "$(inherited) @executable_path/Frameworks";
				PRODUCT_BUNDLE_IDENTIFIER = "com.Flatiron-School.OMDbMovieProject";
				PRODUCT_NAME = "Movie Hub";
				PROVISIONING_PROFILE = "";
				SWIFT_OBJC_BRIDGING_HEADER = "OMDbMovieProject/OMDbMovieProject-Bridging-Header.h";
				SWIFT_OPTIMIZATION_LEVEL = "-Onone";
				SWIFT_VERSION = 3.0;
			};
			name = Debug;
		};
		1BE963C71D79DD990060A5C0 /* Release */ = {
			isa = XCBuildConfiguration;
			baseConfigurationReference = 6AD82D95927AC4147B3B5BFF /* Pods-OMDbMovieProject.release.xcconfig */;
			buildSettings = {
				ASSETCATALOG_COMPILER_APPICON_NAME = AppIcon;
				CLANG_ENABLE_MODULES = YES;
				CODE_SIGN_IDENTITY = "iPhone Developer";
				"CODE_SIGN_IDENTITY[sdk=iphoneos*]" = "iPhone Developer";
				INFOPLIST_FILE = OMDbMovieProject/Info.plist;
				LD_RUNPATH_SEARCH_PATHS = "$(inherited) @executable_path/Frameworks";
				PRODUCT_BUNDLE_IDENTIFIER = "com.Flatiron-School.OMDbMovieProject";
				PRODUCT_NAME = "Movie Hub";
				PROVISIONING_PROFILE = "";
				SWIFT_OBJC_BRIDGING_HEADER = "OMDbMovieProject/OMDbMovieProject-Bridging-Header.h";
				SWIFT_VERSION = 3.0;
			};
			name = Release;
		};
/* End XCBuildConfiguration section */

/* Begin XCConfigurationList section */
		1BE963AE1D79DD990060A5C0 /* Build configuration list for PBXProject "OMDbMovieProject" */ = {
			isa = XCConfigurationList;
			buildConfigurations = (
				1BE963C31D79DD990060A5C0 /* Debug */,
				1BE963C41D79DD990060A5C0 /* Release */,
			);
			defaultConfigurationIsVisible = 0;
			defaultConfigurationName = Release;
		};
		1BE963C51D79DD990060A5C0 /* Build configuration list for PBXNativeTarget "OMDbMovieProject" */ = {
			isa = XCConfigurationList;
			buildConfigurations = (
				1BE963C61D79DD990060A5C0 /* Debug */,
				1BE963C71D79DD990060A5C0 /* Release */,
			);
			defaultConfigurationIsVisible = 0;
			defaultConfigurationName = Release;
		};
/* End XCConfigurationList section */

/* Begin XCVersionGroup section */
		1B3249BF1D884EBB006F0CF5 /* movieDataModel.xcdatamodeld */ = {
			isa = XCVersionGroup;
			children = (
				1B3249C01D884EBB006F0CF5 /* movieDataModel.xcdatamodel */,
			);
			currentVersion = 1B3249C01D884EBB006F0CF5 /* movieDataModel.xcdatamodel */;
			path = movieDataModel.xcdatamodeld;
			sourceTree = "<group>";
			versionGroupType = wrapper.xcdatamodel;
		};
/* End XCVersionGroup section */
	};
	rootObject = 1BE963AB1D79DD990060A5C0 /* Project object */;
}
